
Microsoft Visual Studio Solution File, Format Version 12.00
# Visual Studio 15
VisualStudioVersion = 15.0.28010.2026
MinimumVisualStudioVersion = 10.0.40219.1
Project("{FAE04EC0-301F-11D3-BF4B-00C04F79EFBC}") = "Stopwatch.Android", "Stopwatch\Stopwatch.Android\Stopwatch.Android.csproj", "{E1FAB94E-5149-46AC-AC9D-2DF9D2941139}"
EndProject
Project("{FAE04EC0-301F-11D3-BF4B-00C04F79EFBC}") = "Stopwatch.iOS", "Stopwatch\Stopwatch.iOS\Stopwatch.iOS.csproj", "{33A6E5FC-1CEC-40DF-B913-71A3ABFF1027}"
EndProject
Project("{FAE04EC0-301F-11D3-BF4B-00C04F79EFBC}") = "Stopwatch.UWP", "Stopwatch\Stopwatch.UWP\Stopwatch.UWP.csproj", "{8F5E566C-9998-4292-AD58-49A11C3ABA8D}"
EndProject
Project("{FAE04EC0-301F-11D3-BF4B-00C04F79EFBC}") = "Stopwatch", "Stopwatch\Stopwatch\Stopwatch.csproj", "{35EDCE24-502B-4EFC-9089-9C1C182B7254}"
EndProject
Global
	GlobalSection(SolutionConfigurationPlatforms) = preSolution
		Ad-Hoc|Any CPU = Ad-Hoc|Any CPU
		Ad-Hoc|ARM = Ad-Hoc|ARM
		Ad-Hoc|iPhone = Ad-Hoc|iPhone
		Ad-Hoc|iPhoneSimulator = Ad-Hoc|iPhoneSimulator
		Ad-Hoc|x64 = Ad-Hoc|x64
		Ad-Hoc|x86 = Ad-Hoc|x86
		AppStore|Any CPU = AppStore|Any CPU
		AppStore|ARM = AppStore|ARM
		AppStore|iPhone = AppStore|iPhone
		AppStore|iPhoneSimulator = AppStore|iPhoneSimulator
		AppStore|x64 = AppStore|x64
		AppStore|x86 = AppStore|x86
		Debug|Any CPU = Debug|Any CPU
		Debug|ARM = Debug|ARM
		Debug|iPhone = Debug|iPhone
		Debug|iPhoneSimulator = Debug|iPhoneSimulator
		Debug|x64 = Debug|x64
		Debug|x86 = Debug|x86
		Release|Any CPU = Release|Any CPU
		Release|ARM = Release|ARM
		Release|iPhone = Release|iPhone
		Release|iPhoneSimulator = Release|iPhoneSimulator
		Release|x64 = Release|x64
		Release|x86 = Release|x86
	EndGlobalSection
	GlobalSection(ProjectConfigurationPlatforms) = postSolution
		{E1FAB94E-5149-46AC-AC9D-2DF9D2941139}.Ad-Hoc|Any CPU.ActiveCfg = Release|Any CPU
		{E1FAB94E-5149-46AC-AC9D-2DF9D2941139}.Ad-Hoc|Any CPU.Build.0 = Release|Any CPU
		{E1FAB94E-5149-46AC-AC9D-2DF9D2941139}.Ad-Hoc|Any CPU.Deploy.0 = Release|Any CPU
		{E1FAB94E-5149-46AC-AC9D-2DF9D2941139}.Ad-Hoc|ARM.ActiveCfg = Release|Any CPU
		{E1FAB94E-5149-46AC-AC9D-2DF9D2941139}.Ad-Hoc|ARM.Build.0 = Release|Any CPU
		{E1FAB94E-5149-46AC-AC9D-2DF9D2941139}.Ad-Hoc|ARM.Deploy.0 = Release|Any CPU
		{E1FAB94E-5149-46AC-AC9D-2DF9D2941139}.Ad-Hoc|iPhone.ActiveCfg = Release|Any CPU
		{E1FAB94E-5149-46AC-AC9D-2DF9D2941139}.Ad-Hoc|iPhone.Build.0 = Release|Any CPU
		{E1FAB94E-5149-46AC-AC9D-2DF9D2941139}.Ad-Hoc|iPhone.Deploy.0 = Release|Any CPU
		{E1FAB94E-5149-46AC-AC9D-2DF9D2941139}.Ad-Hoc|iPhoneSimulator.ActiveCfg = Release|Any CPU
		{E1FAB94E-5149-46AC-AC9D-2DF9D2941139}.Ad-Hoc|iPhoneSimulator.Build.0 = Release|Any CPU
		{E1FAB94E-5149-46AC-AC9D-2DF9D2941139}.Ad-Hoc|iPhoneSimulator.Deploy.0 = Release|Any CPU
		{E1FAB94E-5149-46AC-AC9D-2DF9D2941139}.Ad-Hoc|x64.ActiveCfg = Release|Any CPU
		{E1FAB94E-5149-46AC-AC9D-2DF9D2941139}.Ad-Hoc|x64.Build.0 = Release|Any CPU
		{E1FAB94E-5149-46AC-AC9D-2DF9D2941139}.Ad-Hoc|x64.Deploy.0 = Release|Any CPU
		{E1FAB94E-5149-46AC-AC9D-2DF9D2941139}.Ad-Hoc|x86.ActiveCfg = Release|Any CPU
		{E1FAB94E-5149-46AC-AC9D-2DF9D2941139}.Ad-Hoc|x86.Build.0 = Release|Any CPU
		{E1FAB94E-5149-46AC-AC9D-2DF9D2941139}.Ad-Hoc|x86.Deploy.0 = Release|Any CPU
		{E1FAB94E-5149-46AC-AC9D-2DF9D2941139}.AppStore|Any CPU.ActiveCfg = Release|Any CPU
		{E1FAB94E-5149-46AC-AC9D-2DF9D2941139}.AppStore|Any CPU.Build.0 = Release|Any CPU
		{E1FAB94E-5149-46AC-AC9D-2DF9D2941139}.AppStore|Any CPU.Deploy.0 = Release|Any CPU
		{E1FAB94E-5149-46AC-AC9D-2DF9D2941139}.AppStore|ARM.ActiveCfg = Release|Any CPU
		{E1FAB94E-5149-46AC-AC9D-2DF9D2941139}.AppStore|ARM.Build.0 = Release|Any CPU
		{E1FAB94E-5149-46AC-AC9D-2DF9D2941139}.AppStore|ARM.Deploy.0 = Release|Any CPU
		{E1FAB94E-5149-46AC-AC9D-2DF9D2941139}.AppStore|iPhone.ActiveCfg = Release|Any CPU
		{E1FAB94E-5149-46AC-AC9D-2DF9D2941139}.AppStore|iPhone.Build.0 = Release|Any CPU
		{E1FAB94E-5149-46AC-AC9D-2DF9D2941139}.AppStore|iPhone.Deploy.0 = Release|Any CPU
		{E1FAB94E-5149-46AC-AC9D-2DF9D2941139}.AppStore|iPhoneSimulator.ActiveCfg = Release|Any CPU
		{E1FAB94E-5149-46AC-AC9D-2DF9D2941139}.AppStore|iPhoneSimulator.Build.0 = Release|Any CPU
		{E1FAB94E-5149-46AC-AC9D-2DF9D2941139}.AppStore|iPhoneSimulator.Deploy.0 = Release|Any CPU
		{E1FAB94E-5149-46AC-AC9D-2DF9D2941139}.AppStore|x64.ActiveCfg = Release|Any CPU
		{E1FAB94E-5149-46AC-AC9D-2DF9D2941139}.AppStore|x64.Build.0 = Release|Any CPU
		{E1FAB94E-5149-46AC-AC9D-2DF9D2941139}.AppStore|x64.Deploy.0 = Release|Any CPU
		{E1FAB94E-5149-46AC-AC9D-2DF9D2941139}.AppStore|x86.ActiveCfg = Release|Any CPU
		{E1FAB94E-5149-46AC-AC9D-2DF9D2941139}.AppStore|x86.Build.0 = Release|Any CPU
		{E1FAB94E-5149-46AC-AC9D-2DF9D2941139}.AppStore|x86.Deploy.0 = Release|Any CPU
		{E1FAB94E-5149-46AC-AC9D-2DF9D2941139}.Debug|Any CPU.ActiveCfg = Debug|Any CPU
		{E1FAB94E-5149-46AC-AC9D-2DF9D2941139}.Debug|Any CPU.Build.0 = Debug|Any CPU
		{E1FAB94E-5149-46AC-AC9D-2DF9D2941139}.Debug|Any CPU.Deploy.0 = Debug|Any CPU
		{E1FAB94E-5149-46AC-AC9D-2DF9D2941139}.Debug|ARM.ActiveCfg = Debug|Any CPU
		{E1FAB94E-5149-46AC-AC9D-2DF9D2941139}.Debug|ARM.Build.0 = Debug|Any CPU
		{E1FAB94E-5149-46AC-AC9D-2DF9D2941139}.Debug|ARM.Deploy.0 = Debug|Any CPU
		{E1FAB94E-5149-46AC-AC9D-2DF9D2941139}.Debug|iPhone.ActiveCfg = Debug|Any CPU
		{E1FAB94E-5149-46AC-AC9D-2DF9D2941139}.Debug|iPhone.Build.0 = Debug|Any CPU
		{E1FAB94E-5149-46AC-AC9D-2DF9D2941139}.Debug|iPhone.Deploy.0 = Debug|Any CPU
		{E1FAB94E-5149-46AC-AC9D-2DF9D2941139}.Debug|iPhoneSimulator.ActiveCfg = Debug|Any CPU
		{E1FAB94E-5149-46AC-AC9D-2DF9D2941139}.Debug|iPhoneSimulator.Build.0 = Debug|Any CPU
		{E1FAB94E-5149-46AC-AC9D-2DF9D2941139}.Debug|iPhoneSimulator.Deploy.0 = Debug|Any CPU
		{E1FAB94E-5149-46AC-AC9D-2DF9D2941139}.Debug|x64.ActiveCfg = Debug|Any CPU
		{E1FAB94E-5149-46AC-AC9D-2DF9D2941139}.Debug|x64.Build.0 = Debug|Any CPU
		{E1FAB94E-5149-46AC-AC9D-2DF9D2941139}.Debug|x64.Deploy.0 = Debug|Any CPU
		{E1FAB94E-5149-46AC-AC9D-2DF9D2941139}.Debug|x86.ActiveCfg = Debug|Any CPU
		{E1FAB94E-5149-46AC-AC9D-2DF9D2941139}.Debug|x86.Build.0 = Debug|Any CPU
		{E1FAB94E-5149-46AC-AC9D-2DF9D2941139}.Debug|x86.Deploy.0 = Debug|Any CPU
		{E1FAB94E-5149-46AC-AC9D-2DF9D2941139}.Release|Any CPU.ActiveCfg = Release|Any CPU
		{E1FAB94E-5149-46AC-AC9D-2DF9D2941139}.Release|Any CPU.Build.0 = Release|Any CPU
		{E1FAB94E-5149-46AC-AC9D-2DF9D2941139}.Release|Any CPU.Deploy.0 = Release|Any CPU
		{E1FAB94E-5149-46AC-AC9D-2DF9D2941139}.Release|ARM.ActiveCfg = Release|Any CPU
		{E1FAB94E-5149-46AC-AC9D-2DF9D2941139}.Release|ARM.Build.0 = Release|Any CPU
		{E1FAB94E-5149-46AC-AC9D-2DF9D2941139}.Release|ARM.Deploy.0 = Release|Any CPU
		{E1FAB94E-5149-46AC-AC9D-2DF9D2941139}.Release|iPhone.ActiveCfg = Release|Any CPU
		{E1FAB94E-5149-46AC-AC9D-2DF9D2941139}.Release|iPhone.Build.0 = Release|Any CPU
		{E1FAB94E-5149-46AC-AC9D-2DF9D2941139}.Release|iPhone.Deploy.0 = Release|Any CPU
		{E1FAB94E-5149-46AC-AC9D-2DF9D2941139}.Release|iPhoneSimulator.ActiveCfg = Release|Any CPU
		{E1FAB94E-5149-46AC-AC9D-2DF9D2941139}.Release|iPhoneSimulator.Build.0 = Release|Any CPU
		{E1FAB94E-5149-46AC-AC9D-2DF9D2941139}.Release|iPhoneSimulator.Deploy.0 = Release|Any CPU
		{E1FAB94E-5149-46AC-AC9D-2DF9D2941139}.Release|x64.ActiveCfg = Release|Any CPU
		{E1FAB94E-5149-46AC-AC9D-2DF9D2941139}.Release|x64.Build.0 = Release|Any CPU
		{E1FAB94E-5149-46AC-AC9D-2DF9D2941139}.Release|x64.Deploy.0 = Release|Any CPU
		{E1FAB94E-5149-46AC-AC9D-2DF9D2941139}.Release|x86.ActiveCfg = Release|Any CPU
		{E1FAB94E-5149-46AC-AC9D-2DF9D2941139}.Release|x86.Build.0 = Release|Any CPU
		{E1FAB94E-5149-46AC-AC9D-2DF9D2941139}.Release|x86.Deploy.0 = Release|Any CPU
		{33A6E5FC-1CEC-40DF-B913-71A3ABFF1027}.Ad-Hoc|Any CPU.ActiveCfg = Ad-Hoc|iPhone
		{33A6E5FC-1CEC-40DF-B913-71A3ABFF1027}.Ad-Hoc|Any CPU.Build.0 = Ad-Hoc|iPhone
		{33A6E5FC-1CEC-40DF-B913-71A3ABFF1027}.Ad-Hoc|Any CPU.Deploy.0 = Ad-Hoc|iPhone
		{33A6E5FC-1CEC-40DF-B913-71A3ABFF1027}.Ad-Hoc|ARM.ActiveCfg = Ad-Hoc|iPhone
		{33A6E5FC-1CEC-40DF-B913-71A3ABFF1027}.Ad-Hoc|ARM.Build.0 = Ad-Hoc|iPhone
		{33A6E5FC-1CEC-40DF-B913-71A3ABFF1027}.Ad-Hoc|ARM.Deploy.0 = Ad-Hoc|iPhone
		{33A6E5FC-1CEC-40DF-B913-71A3ABFF1027}.Ad-Hoc|iPhone.ActiveCfg = Ad-Hoc|iPhone
		{33A6E5FC-1CEC-40DF-B913-71A3ABFF1027}.Ad-Hoc|iPhone.Build.0 = Ad-Hoc|iPhone
		{33A6E5FC-1CEC-40DF-B913-71A3ABFF1027}.Ad-Hoc|iPhone.Deploy.0 = Ad-Hoc|iPhone
		{33A6E5FC-1CEC-40DF-B913-71A3ABFF1027}.Ad-Hoc|iPhoneSimulator.ActiveCfg = Ad-Hoc|iPhoneSimulator
		{33A6E5FC-1CEC-40DF-B913-71A3ABFF1027}.Ad-Hoc|iPhoneSimulator.Build.0 = Ad-Hoc|iPhoneSimulator
		{33A6E5FC-1CEC-40DF-B913-71A3ABFF1027}.Ad-Hoc|iPhoneSimulator.Deploy.0 = Ad-Hoc|iPhoneSimulator
		{33A6E5FC-1CEC-40DF-B913-71A3ABFF1027}.Ad-Hoc|x64.ActiveCfg = Ad-Hoc|iPhone
		{33A6E5FC-1CEC-40DF-B913-71A3ABFF1027}.Ad-Hoc|x64.Build.0 = Ad-Hoc|iPhone
		{33A6E5FC-1CEC-40DF-B913-71A3ABFF1027}.Ad-Hoc|x64.Deploy.0 = Ad-Hoc|iPhone
		{33A6E5FC-1CEC-40DF-B913-71A3ABFF1027}.Ad-Hoc|x86.ActiveCfg = Ad-Hoc|iPhone
		{33A6E5FC-1CEC-40DF-B913-71A3ABFF1027}.Ad-Hoc|x86.Build.0 = Ad-Hoc|iPhone
		{33A6E5FC-1CEC-40DF-B913-71A3ABFF1027}.Ad-Hoc|x86.Deploy.0 = Ad-Hoc|iPhone
		{33A6E5FC-1CEC-40DF-B913-71A3ABFF1027}.AppStore|Any CPU.ActiveCfg = AppStore|iPhone
		{33A6E5FC-1CEC-40DF-B913-71A3ABFF1027}.AppStore|Any CPU.Build.0 = AppStore|iPhone
		{33A6E5FC-1CEC-40DF-B913-71A3ABFF1027}.AppStore|Any CPU.Deploy.0 = AppStore|iPhone
		{33A6E5FC-1CEC-40DF-B913-71A3ABFF1027}.AppStore|ARM.ActiveCfg = AppStore|iPhone
		{33A6E5FC-1CEC-40DF-B913-71A3ABFF1027}.AppStore|ARM.Build.0 = AppStore|iPhone
		{33A6E5FC-1CEC-40DF-B913-71A3ABFF1027}.AppStore|ARM.Deploy.0 = AppStore|iPhone
		{33A6E5FC-1CEC-40DF-B913-71A3ABFF1027}.AppStore|iPhone.ActiveCfg = AppStore|iPhone
		{33A6E5FC-1CEC-40DF-B913-71A3ABFF1027}.AppStore|iPhone.Build.0 = AppStore|iPhone
		{33A6E5FC-1CEC-40DF-B913-71A3ABFF1027}.AppStore|iPhone.Deploy.0 = AppStore|iPhone
		{33A6E5FC-1CEC-40DF-B913-71A3ABFF1027}.AppStore|iPhoneSimulator.ActiveCfg = AppStore|iPhoneSimulator
		{33A6E5FC-1CEC-40DF-B913-71A3ABFF1027}.AppStore|iPhoneSimulator.Build.0 = AppStore|iPhoneSimulator
		{33A6E5FC-1CEC-40DF-B913-71A3ABFF1027}.AppStore|iPhoneSimulator.Deploy.0 = AppStore|iPhoneSimulator
		{33A6E5FC-1CEC-40DF-B913-71A3ABFF1027}.AppStore|x64.ActiveCfg = AppStore|iPhone
		{33A6E5FC-1CEC-40DF-B913-71A3ABFF1027}.AppStore|x64.Build.0 = AppStore|iPhone
		{33A6E5FC-1CEC-40DF-B913-71A3ABFF1027}.AppStore|x64.Deploy.0 = AppStore|iPhone
		{33A6E5FC-1CEC-40DF-B913-71A3ABFF1027}.AppStore|x86.ActiveCfg = AppStore|iPhone
		{33A6E5FC-1CEC-40DF-B913-71A3ABFF1027}.AppStore|x86.Build.0 = AppStore|iPhone
		{33A6E5FC-1CEC-40DF-B913-71A3ABFF1027}.AppStore|x86.Deploy.0 = AppStore|iPhone
		{33A6E5FC-1CEC-40DF-B913-71A3ABFF1027}.Debug|Any CPU.ActiveCfg = Debug|iPhoneSimulator
		{33A6E5FC-1CEC-40DF-B913-71A3ABFF1027}.Debug|Any CPU.Build.0 = Debug|iPhoneSimulator
		{33A6E5FC-1CEC-40DF-B913-71A3ABFF1027}.Debug|Any CPU.Deploy.0 = Debug|iPhoneSimulator
		{33A6E5FC-1CEC-40DF-B913-71A3ABFF1027}.Debug|ARM.ActiveCfg = Debug|iPhone
		{33A6E5FC-1CEC-40DF-B913-71A3ABFF1027}.Debug|ARM.Build.0 = Debug|iPhone
		{33A6E5FC-1CEC-40DF-B913-71A3ABFF1027}.Debug|ARM.Deploy.0 = Debug|iPhone
		{33A6E5FC-1CEC-40DF-B913-71A3ABFF1027}.Debug|iPhone.ActiveCfg = Debug|iPhone
		{33A6E5FC-1CEC-40DF-B913-71A3ABFF1027}.Debug|iPhone.Build.0 = Debug|iPhone
		{33A6E5FC-1CEC-40DF-B913-71A3ABFF1027}.Debug|iPhone.Deploy.0 = Debug|iPhone
		{33A6E5FC-1CEC-40DF-B913-71A3ABFF1027}.Debug|iPhoneSimulator.ActiveCfg = Debug|iPhoneSimulator
		{33A6E5FC-1CEC-40DF-B913-71A3ABFF1027}.Debug|iPhoneSimulator.Build.0 = Debug|iPhoneSimulator
		{33A6E5FC-1CEC-40DF-B913-71A3ABFF1027}.Debug|iPhoneSimulator.Deploy.0 = Debug|iPhoneSimulator
		{33A6E5FC-1CEC-40DF-B913-71A3ABFF1027}.Debug|x64.ActiveCfg = Debug|iPhone
		{33A6E5FC-1CEC-40DF-B913-71A3ABFF1027}.Debug|x64.Build.0 = Debug|iPhone
		{33A6E5FC-1CEC-40DF-B913-71A3ABFF1027}.Debug|x64.Deploy.0 = Debug|iPhone
		{33A6E5FC-1CEC-40DF-B913-71A3ABFF1027}.Debug|x86.ActiveCfg = Debug|iPhone
		{33A6E5FC-1CEC-40DF-B913-71A3ABFF1027}.Debug|x86.Build.0 = Debug|iPhone
		{33A6E5FC-1CEC-40DF-B913-71A3ABFF1027}.Debug|x86.Deploy.0 = Debug|iPhone
		{33A6E5FC-1CEC-40DF-B913-71A3ABFF1027}.Release|Any CPU.ActiveCfg = Release|iPhone
		{33A6E5FC-1CEC-40DF-B913-71A3ABFF1027}.Release|Any CPU.Build.0 = Release|iPhone
		{33A6E5FC-1CEC-40DF-B913-71A3ABFF1027}.Release|Any CPU.Deploy.0 = Release|iPhone
		{33A6E5FC-1CEC-40DF-B913-71A3ABFF1027}.Release|ARM.ActiveCfg = Release|iPhone
		{33A6E5FC-1CEC-40DF-B913-71A3ABFF1027}.Release|ARM.Build.0 = Release|iPhone
		{33A6E5FC-1CEC-40DF-B913-71A3ABFF1027}.Release|ARM.Deploy.0 = Release|iPhone
		{33A6E5FC-1CEC-40DF-B913-71A3ABFF1027}.Release|iPhone.ActiveCfg = Release|iPhone
		{33A6E5FC-1CEC-40DF-B913-71A3ABFF1027}.Release|iPhone.Build.0 = Release|iPhone
		{33A6E5FC-1CEC-40DF-B913-71A3ABFF1027}.Release|iPhone.Deploy.0 = Release|iPhone
		{33A6E5FC-1CEC-40DF-B913-71A3ABFF1027}.Release|iPhoneSimulator.ActiveCfg = Release|iPhoneSimulator
		{33A6E5FC-1CEC-40DF-B913-71A3ABFF1027}.Release|iPhoneSimulator.Build.0 = Release|iPhoneSimulator
		{33A6E5FC-1CEC-40DF-B913-71A3ABFF1027}.Release|iPhoneSimulator.Deploy.0 = Release|iPhoneSimulator
		{33A6E5FC-1CEC-40DF-B913-71A3ABFF1027}.Release|x64.ActiveCfg = Release|iPhone
		{33A6E5FC-1CEC-40DF-B913-71A3ABFF1027}.Release|x64.Build.0 = Release|iPhone
		{33A6E5FC-1CEC-40DF-B913-71A3ABFF1027}.Release|x64.Deploy.0 = Release|iPhone
		{33A6E5FC-1CEC-40DF-B913-71A3ABFF1027}.Release|x86.ActiveCfg = Release|iPhone
		{33A6E5FC-1CEC-40DF-B913-71A3ABFF1027}.Release|x86.Build.0 = Release|iPhone
		{33A6E5FC-1CEC-40DF-B913-71A3ABFF1027}.Release|x86.Deploy.0 = Release|iPhone
		{8F5E566C-9998-4292-AD58-49A11C3ABA8D}.Ad-Hoc|Any CPU.ActiveCfg = Release|x86
		{8F5E566C-9998-4292-AD58-49A11C3ABA8D}.Ad-Hoc|Any CPU.Build.0 = Release|x86
		{8F5E566C-9998-4292-AD58-49A11C3ABA8D}.Ad-Hoc|Any CPU.Deploy.0 = Release|x86
		{8F5E566C-9998-4292-AD58-49A11C3ABA8D}.Ad-Hoc|ARM.ActiveCfg = Release|ARM
		{8F5E566C-9998-4292-AD58-49A11C3ABA8D}.Ad-Hoc|ARM.Build.0 = Release|ARM
		{8F5E566C-9998-4292-AD58-49A11C3ABA8D}.Ad-Hoc|ARM.Deploy.0 = Release|ARM
		{8F5E566C-9998-4292-AD58-49A11C3ABA8D}.Ad-Hoc|iPhone.ActiveCfg = Release|x86
		{8F5E566C-9998-4292-AD58-49A11C3ABA8D}.Ad-Hoc|iPhone.Build.0 = Release|x86
		{8F5E566C-9998-4292-AD58-49A11C3ABA8D}.Ad-Hoc|iPhone.Deploy.0 = Release|x86
		{8F5E566C-9998-4292-AD58-49A11C3ABA8D}.Ad-Hoc|iPhoneSimulator.ActiveCfg = Release|x86
		{8F5E566C-9998-4292-AD58-49A11C3ABA8D}.Ad-Hoc|iPhoneSimulator.Build.0 = Release|x86
		{8F5E566C-9998-4292-AD58-49A11C3ABA8D}.Ad-Hoc|iPhoneSimulator.Deploy.0 = Release|x86
		{8F5E566C-9998-4292-AD58-49A11C3ABA8D}.Ad-Hoc|x64.ActiveCfg = Release|x64
		{8F5E566C-9998-4292-AD58-49A11C3ABA8D}.Ad-Hoc|x64.Build.0 = Release|x64
		{8F5E566C-9998-4292-AD58-49A11C3ABA8D}.Ad-Hoc|x64.Deploy.0 = Release|x64
		{8F5E566C-9998-4292-AD58-49A11C3ABA8D}.Ad-Hoc|x86.ActiveCfg = Release|x86
		{8F5E566C-9998-4292-AD58-49A11C3ABA8D}.Ad-Hoc|x86.Build.0 = Release|x86
		{8F5E566C-9998-4292-AD58-49A11C3ABA8D}.Ad-Hoc|x86.Deploy.0 = Release|x86
		{8F5E566C-9998-4292-AD58-49A11C3ABA8D}.AppStore|Any CPU.ActiveCfg = Release|x86
		{8F5E566C-9998-4292-AD58-49A11C3ABA8D}.AppStore|Any CPU.Build.0 = Release|x86
		{8F5E566C-9998-4292-AD58-49A11C3ABA8D}.AppStore|Any CPU.Deploy.0 = Release|x86
		{8F5E566C-9998-4292-AD58-49A11C3ABA8D}.AppStore|ARM.ActiveCfg = Release|ARM
		{8F5E566C-9998-4292-AD58-49A11C3ABA8D}.AppStore|ARM.Build.0 = Release|ARM
		{8F5E566C-9998-4292-AD58-49A11C3ABA8D}.AppStore|ARM.Deploy.0 = Release|ARM
		{8F5E566C-9998-4292-AD58-49A11C3ABA8D}.AppStore|iPhone.ActiveCfg = Release|x86
		{8F5E566C-9998-4292-AD58-49A11C3ABA8D}.AppStore|iPhone.Build.0 = Release|x86
		{8F5E566C-9998-4292-AD58-49A11C3ABA8D}.AppStore|iPhone.Deploy.0 = Release|x86
		{8F5E566C-9998-4292-AD58-49A11C3ABA8D}.AppStore|iPhoneSimulator.ActiveCfg = Release|x86
		{8F5E566C-9998-4292-AD58-49A11C3ABA8D}.AppStore|iPhoneSimulator.Build.0 = Release|x86
		{8F5E566C-9998-4292-AD58-49A11C3ABA8D}.AppStore|iPhoneSimulator.Deploy.0 = Release|x86
		{8F5E566C-9998-4292-AD58-49A11C3ABA8D}.AppStore|x64.ActiveCfg = Release|x64
		{8F5E566C-9998-4292-AD58-49A11C3ABA8D}.AppStore|x64.Build.0 = Release|x64
		{8F5E566C-9998-4292-AD58-49A11C3ABA8D}.AppStore|x64.Deploy.0 = Release|x64
		{8F5E566C-9998-4292-AD58-49A11C3ABA8D}.AppStore|x86.ActiveCfg = Release|x86
		{8F5E566C-9998-4292-AD58-49A11C3ABA8D}.AppStore|x86.Build.0 = Release|x86
		{8F5E566C-9998-4292-AD58-49A11C3ABA8D}.AppStore|x86.Deploy.0 = Release|x86
		{8F5E566C-9998-4292-AD58-49A11C3ABA8D}.Debug|Any CPU.ActiveCfg = Debug|x86
		{8F5E566C-9998-4292-AD58-49A11C3ABA8D}.Debug|Any CPU.Build.0 = Debug|x86
		{8F5E566C-9998-4292-AD58-49A11C3ABA8D}.Debug|Any CPU.Deploy.0 = Debug|x86
		{8F5E566C-9998-4292-AD58-49A11C3ABA8D}.Debug|ARM.ActiveCfg = Debug|ARM
		{8F5E566C-9998-4292-AD58-49A11C3ABA8D}.Debug|ARM.Build.0 = Debug|ARM
		{8F5E566C-9998-4292-AD58-49A11C3ABA8D}.Debug|ARM.Deploy.0 = Debug|ARM
		{8F5E566C-9998-4292-AD58-49A11C3ABA8D}.Debug|iPhone.ActiveCfg = Debug|x86
		{8F5E566C-9998-4292-AD58-49A11C3ABA8D}.Debug|iPhone.Build.0 = Debug|x86
		{8F5E566C-9998-4292-AD58-49A11C3ABA8D}.Debug|iPhone.Deploy.0 = Debug|x86
		{8F5E566C-9998-4292-AD58-49A11C3ABA8D}.Debug|iPhoneSimulator.ActiveCfg = Debug|x86
		{8F5E566C-9998-4292-AD58-49A11C3ABA8D}.Debug|iPhoneSimulator.Build.0 = Debug|x86
		{8F5E566C-9998-4292-AD58-49A11C3ABA8D}.Debug|iPhoneSimulator.Deploy.0 = Debug|x86
		{8F5E566C-9998-4292-AD58-49A11C3ABA8D}.Debug|x64.ActiveCfg = Debug|x64
		{8F5E566C-9998-4292-AD58-49A11C3ABA8D}.Debug|x64.Build.0 = Debug|x64
		{8F5E566C-9998-4292-AD58-49A11C3ABA8D}.Debug|x64.Deploy.0 = Debug|x64
		{8F5E566C-9998-4292-AD58-49A11C3ABA8D}.Debug|x86.ActiveCfg = Debug|x86
		{8F5E566C-9998-4292-AD58-49A11C3ABA8D}.Debug|x86.Build.0 = Debug|x86
		{8F5E566C-9998-4292-AD58-49A11C3ABA8D}.Debug|x86.Deploy.0 = Debug|x86
		{8F5E566C-9998-4292-AD58-49A11C3ABA8D}.Release|Any CPU.ActiveCfg = Release|x86
		{8F5E566C-9998-4292-AD58-49A11C3ABA8D}.Release|Any CPU.Build.0 = Release|x86
		{8F5E566C-9998-4292-AD58-49A11C3ABA8D}.Release|Any CPU.Deploy.0 = Release|x86
		{8F5E566C-9998-4292-AD58-49A11C3ABA8D}.Release|ARM.ActiveCfg = Release|ARM
		{8F5E566C-9998-4292-AD58-49A11C3ABA8D}.Release|ARM.Build.0 = Release|ARM
		{8F5E566C-9998-4292-AD58-49A11C3ABA8D}.Release|ARM.Deploy.0 = Release|ARM
		{8F5E566C-9998-4292-AD58-49A11C3ABA8D}.Release|iPhone.ActiveCfg = Release|x86
		{8F5E566C-9998-4292-AD58-49A11C3ABA8D}.Release|iPhone.Build.0 = Release|x86
		{8F5E566C-9998-4292-AD58-49A11C3ABA8D}.Release|iPhone.Deploy.0 = Release|x86
		{8F5E566C-9998-4292-AD58-49A11C3ABA8D}.Release|iPhoneSimulator.ActiveCfg = Release|x86
		{8F5E566C-9998-4292-AD58-49A11C3ABA8D}.Release|iPhoneSimulator.Build.0 = Release|x86
		{8F5E566C-9998-4292-AD58-49A11C3ABA8D}.Release|iPhoneSimulator.Deploy.0 = Release|x86
		{8F5E566C-9998-4292-AD58-49A11C3ABA8D}.Release|x64.ActiveCfg = Release|x64
		{8F5E566C-9998-4292-AD58-49A11C3ABA8D}.Release|x64.Build.0 = Release|x64
		{8F5E566C-9998-4292-AD58-49A11C3ABA8D}.Release|x64.Deploy.0 = Release|x64
		{8F5E566C-9998-4292-AD58-49A11C3ABA8D}.Release|x86.ActiveCfg = Release|x86
		{8F5E566C-9998-4292-AD58-49A11C3ABA8D}.Release|x86.Build.0 = Release|x86
		{8F5E566C-9998-4292-AD58-49A11C3ABA8D}.Release|x86.Deploy.0 = Release|x86
		{35EDCE24-502B-4EFC-9089-9C1C182B7254}.Ad-Hoc|Any CPU.ActiveCfg = Debug|Any CPU
		{35EDCE24-502B-4EFC-9089-9C1C182B7254}.Ad-Hoc|Any CPU.Build.0 = Debug|Any CPU
		{35EDCE24-502B-4EFC-9089-9C1C182B7254}.Ad-Hoc|Any CPU.Deploy.0 = Debug|Any CPU
		{35EDCE24-502B-4EFC-9089-9C1C182B7254}.Ad-Hoc|ARM.ActiveCfg = Debug|Any CPU
		{35EDCE24-502B-4EFC-9089-9C1C182B7254}.Ad-Hoc|ARM.Build.0 = Debug|Any CPU
		{35EDCE24-502B-4EFC-9089-9C1C182B7254}.Ad-Hoc|ARM.Deploy.0 = Debug|Any CPU
		{35EDCE24-502B-4EFC-9089-9C1C182B7254}.Ad-Hoc|iPhone.ActiveCfg = Debug|Any CPU
		{35EDCE24-502B-4EFC-9089-9C1C182B7254}.Ad-Hoc|iPhone.Build.0 = Debug|Any CPU
		{35EDCE24-502B-4EFC-9089-9C1C182B7254}.Ad-Hoc|iPhone.Deploy.0 = Debug|Any CPU
		{35EDCE24-502B-4EFC-9089-9C1C182B7254}.Ad-Hoc|iPhoneSimulator.ActiveCfg = Debug|Any CPU
		{35EDCE24-502B-4EFC-9089-9C1C182B7254}.Ad-Hoc|iPhoneSimulator.Build.0 = Debug|Any CPU
		{35EDCE24-502B-4EFC-9089-9C1C182B7254}.Ad-Hoc|iPhoneSimulator.Deploy.0 = Debug|Any CPU
		{35EDCE24-502B-4EFC-9089-9C1C182B7254}.Ad-Hoc|x64.ActiveCfg = Debug|Any CPU
		{35EDCE24-502B-4EFC-9089-9C1C182B7254}.Ad-Hoc|x64.Build.0 = Debug|Any CPU
		{35EDCE24-502B-4EFC-9089-9C1C182B7254}.Ad-Hoc|x64.Deploy.0 = Debug|Any CPU
		{35EDCE24-502B-4EFC-9089-9C1C182B7254}.Ad-Hoc|x86.ActiveCfg = Debug|Any CPU
		{35EDCE24-502B-4EFC-9089-9C1C182B7254}.Ad-Hoc|x86.Build.0 = Debug|Any CPU
		{35EDCE24-502B-4EFC-9089-9C1C182B7254}.Ad-Hoc|x86.Deploy.0 = Debug|Any CPU
		{35EDCE24-502B-4EFC-9089-9C1C182B7254}.AppStore|Any CPU.ActiveCfg = Debug|Any CPU
		{35EDCE24-502B-4EFC-9089-9C1C182B7254}.AppStore|Any CPU.Build.0 = Debug|Any CPU
		{35EDCE24-502B-4EFC-9089-9C1C182B7254}.AppStore|Any CPU.Deploy.0 = Debug|Any CPU
		{35EDCE24-502B-4EFC-9089-9C1C182B7254}.AppStore|ARM.ActiveCfg = Debug|Any CPU
		{35EDCE24-502B-4EFC-9089-9C1C182B7254}.AppStore|ARM.Build.0 = Debug|Any CPU
		{35EDCE24-502B-4EFC-9089-9C1C182B7254}.AppStore|ARM.Deploy.0 = Debug|Any CPU
		{35EDCE24-502B-4EFC-9089-9C1C182B7254}.AppStore|iPhone.ActiveCfg = Debug|Any CPU
		{35EDCE24-502B-4EFC-9089-9C1C182B7254}.AppStore|iPhone.Build.0 = Debug|Any CPU
		{35EDCE24-502B-4EFC-9089-9C1C182B7254}.AppStore|iPhone.Deploy.0 = Debug|Any CPU
		{35EDCE24-502B-4EFC-9089-9C1C182B7254}.AppStore|iPhoneSimulator.ActiveCfg = Debug|Any CPU
		{35EDCE24-502B-4EFC-9089-9C1C182B7254}.AppStore|iPhoneSimulator.Build.0 = Debug|Any CPU
		{35EDCE24-502B-4EFC-9089-9C1C182B7254}.AppStore|iPhoneSimulator.Deploy.0 = Debug|Any CPU
		{35EDCE24-502B-4EFC-9089-9C1C182B7254}.AppStore|x64.ActiveCfg = Debug|Any CPU
		{35EDCE24-502B-4EFC-9089-9C1C182B7254}.AppStore|x64.Build.0 = Debug|Any CPU
		{35EDCE24-502B-4EFC-9089-9C1C182B7254}.AppStore|x64.Deploy.0 = Debug|Any CPU
		{35EDCE24-502B-4EFC-9089-9C1C182B7254}.AppStore|x86.ActiveCfg = Debug|Any CPU
		{35EDCE24-502B-4EFC-9089-9C1C182B7254}.AppStore|x86.Build.0 = Debug|Any CPU
		{35EDCE24-502B-4EFC-9089-9C1C182B7254}.AppStore|x86.Deploy.0 = Debug|Any CPU
		{35EDCE24-502B-4EFC-9089-9C1C182B7254}.Debug|Any CPU.ActiveCfg = Debug|Any CPU
		{35EDCE24-502B-4EFC-9089-9C1C182B7254}.Debug|Any CPU.Build.0 = Debug|Any CPU
		{35EDCE24-502B-4EFC-9089-9C1C182B7254}.Debug|Any CPU.Deploy.0 = Debug|Any CPU
		{35EDCE24-502B-4EFC-9089-9C1C182B7254}.Debug|ARM.ActiveCfg = Debug|Any CPU
		{35EDCE24-502B-4EFC-9089-9C1C182B7254}.Debug|ARM.Build.0 = Debug|Any CPU
		{35EDCE24-502B-4EFC-9089-9C1C182B7254}.Debug|ARM.Deploy.0 = Debug|Any CPU
		{35EDCE24-502B-4EFC-9089-9C1C182B7254}.Debug|iPhone.ActiveCfg = Debug|Any CPU
		{35EDCE24-502B-4EFC-9089-9C1C182B7254}.Debug|iPhone.Build.0 = Debug|Any CPU
		{35EDCE24-502B-4EFC-9089-9C1C182B7254}.Debug|iPhone.Deploy.0 = Debug|Any CPU
		{35EDCE24-502B-4EFC-9089-9C1C182B7254}.Debug|iPhoneSimulator.ActiveCfg = Debug|Any CPU
		{35EDCE24-502B-4EFC-9089-9C1C182B7254}.Debug|iPhoneSimulator.Build.0 = Debug|Any CPU
		{35EDCE24-502B-4EFC-9089-9C1C182B7254}.Debug|iPhoneSimulator.Deploy.0 = Debug|Any CPU
		{35EDCE24-502B-4EFC-9089-9C1C182B7254}.Debug|x64.ActiveCfg = Debug|Any CPU
		{35EDCE24-502B-4EFC-9089-9C1C182B7254}.Debug|x64.Build.0 = Debug|Any CPU
		{35EDCE24-502B-4EFC-9089-9C1C182B7254}.Debug|x64.Deploy.0 = Debug|Any CPU
		{35EDCE24-502B-4EFC-9089-9C1C182B7254}.Debug|x86.ActiveCfg = Debug|Any CPU
		{35EDCE24-502B-4EFC-9089-9C1C182B7254}.Debug|x86.Build.0 = Debug|Any CPU
		{35EDCE24-502B-4EFC-9089-9C1C182B7254}.Debug|x86.Deploy.0 = Debug|Any CPU
		{35EDCE24-502B-4EFC-9089-9C1C182B7254}.Release|Any CPU.ActiveCfg = Release|Any CPU
		{35EDCE24-502B-4EFC-9089-9C1C182B7254}.Release|Any CPU.Build.0 = Release|Any CPU
		{35EDCE24-502B-4EFC-9089-9C1C182B7254}.Release|Any CPU.Deploy.0 = Release|Any CPU
		{35EDCE24-502B-4EFC-9089-9C1C182B7254}.Release|ARM.ActiveCfg = Release|Any CPU
		{35EDCE24-502B-4EFC-9089-9C1C182B7254}.Release|ARM.Build.0 = Release|Any CPU
		{35EDCE24-502B-4EFC-9089-9C1C182B7254}.Release|ARM.Deploy.0 = Release|Any CPU
		{35EDCE24-502B-4EFC-9089-9C1C182B7254}.Release|iPhone.ActiveCfg = Release|Any CPU
		{35EDCE24-502B-4EFC-9089-9C1C182B7254}.Release|iPhone.Build.0 = Release|Any CPU
		{35EDCE24-502B-4EFC-9089-9C1C182B7254}.Release|iPhone.Deploy.0 = Release|Any CPU
		{35EDCE24-502B-4EFC-9089-9C1C182B7254}.Release|iPhoneSimulator.ActiveCfg = Release|Any CPU
		{35EDCE24-502B-4EFC-9089-9C1C182B7254}.Release|iPhoneSimulator.Build.0 = Release|Any CPU
		{35EDCE24-502B-4EFC-9089-9C1C182B7254}.Release|iPhoneSimulator.Deploy.0 = Release|Any CPU
		{35EDCE24-502B-4EFC-9089-9C1C182B7254}.Release|x64.ActiveCfg = Release|Any CPU
		{35EDCE24-502B-4EFC-9089-9C1C182B7254}.Release|x64.Build.0 = Release|Any CPU
		{35EDCE24-502B-4EFC-9089-9C1C182B7254}.Release|x64.Deploy.0 = Release|Any CPU
		{35EDCE24-502B-4EFC-9089-9C1C182B7254}.Release|x86.ActiveCfg = Release|Any CPU
		{35EDCE24-502B-4EFC-9089-9C1C182B7254}.Release|x86.Build.0 = Release|Any CPU
		{35EDCE24-502B-4EFC-9089-9C1C182B7254}.Release|x86.Deploy.0 = Release|Any CPU
	EndGlobalSection
	GlobalSection(SolutionProperties) = preSolution
		HideSolutionNode = FALSE
	EndGlobalSection
	GlobalSection(ExtensibilityGlobals) = postSolution
		SolutionGuid = {99A21512-140B-4379-A977-93910D7D8747}
	EndGlobalSection
EndGlobal
